
Microsoft Visual Studio Solution File, Format Version 12.00
# Visual Studio Version 16
VisualStudioVersion = 16.0.30309.148
MinimumVisualStudioVersion = 10.0.40219.1
Project("{FAE04EC0-301F-11D3-BF4B-00C04F79EFBC}") = "JwtIssueExample", "JwtIssueExample\JwtIssueExample.csproj", "{FE8B409E-B429-4233-9EE4-0CBC81AF9744}"
EndProject
Global
	GlobalSection(SolutionConfigurationPlatforms) = preSolution
		Debug|Any CPU = Debug|Any CPU
		Release|Any CPU = Release|Any CPU
	EndGlobalSection
	GlobalSection(ProjectConfigurationPlatforms) = postSolution
		{FE8B409E-B429-4233-9EE4-0CBC81AF9744}.Debug|Any CPU.ActiveCfg = Debug|Any CPU
		{FE8B409E-B429-4233-9EE4-0CBC81AF9744}.Debug|Any CPU.Build.0 = Debug|Any CPU
		{FE8B409E-B429-4233-9EE4-0CBC81AF9744}.Release|Any CPU.ActiveCfg = Release|Any CPU
		{FE8B409E-B429-4233-9EE4-0CBC81AF9744}.Release|Any CPU.Build.0 = Release|Any CPU
	EndGlobalSection
	GlobalSection(SolutionProperties) = preSolution
		HideSolutionNode = FALSE
	EndGlobalSection
	GlobalSection(ExtensibilityGlobals) = postSolution
		SolutionGuid = {64D6C1AF-136F-4CE6-A9F2-C7B9BCE6D681}
	EndGlobalSection
EndGlobal
